// !$*UTF8*$!
{
	archiveVersion = 1;
	classes = {
	};
	objectVersion = 50;
	objects = {

/* Begin PBXBuildFile section */
		04BCA12A22040C6000D3D7DC /* AppDelegate.swift in Sources */ = {isa = PBXBuildFile; fileRef = 04BCA12922040C6000D3D7DC /* AppDelegate.swift */; };
		04BCA12E22040C6000D3D7DC /* GameViewController.swift in Sources */ = {isa = PBXBuildFile; fileRef = 04BCA12D22040C6000D3D7DC /* GameViewController.swift */; };
		04BCA13122040C6000D3D7DC /* Main.storyboard in Resources */ = {isa = PBXBuildFile; fileRef = 04BCA12F22040C6000D3D7DC /* Main.storyboard */; };
		04BCA13322040C6300D3D7DC /* Assets.xcassets in Resources */ = {isa = PBXBuildFile; fileRef = 04BCA13222040C6200D3D7DC /* Assets.xcassets */; };
		04BCA13622040C6300D3D7DC /* LaunchScreen.storyboard in Resources */ = {isa = PBXBuildFile; fileRef = 04BCA13422040C6300D3D7DC /* LaunchScreen.storyboard */; };
		04BCA14022041C9A00D3D7DC /* GeometryFighter.scnassets in Resources */ = {isa = PBXBuildFile; fileRef = 04BCA13F22041C9A00D3D7DC /* GeometryFighter.scnassets */; };
		04BCA1422204237F00D3D7DC /* ShapeType.swift in Sources */ = {isa = PBXBuildFile; fileRef = 04BCA1412204237F00D3D7DC /* ShapeType.swift */; };
/* End PBXBuildFile section */

/* Begin PBXFileReference section */
		04BCA12622040C6000D3D7DC /* GeometryFighter.app */ = {isa = PBXFileReference; explicitFileType = wrapper.application; includeInIndex = 0; path = GeometryFighter.app; sourceTree = BUILT_PRODUCTS_DIR; };
		04BCA12922040C6000D3D7DC /* AppDelegate.swift */ = {isa = PBXFileReference; lastKnownFileType = sourcecode.swift; path = AppDelegate.swift; sourceTree = "<group>"; };
		04BCA12D22040C6000D3D7DC /* GameViewController.swift */ = {isa = PBXFileReference; lastKnownFileType = sourcecode.swift; path = GameViewController.swift; sourceTree = "<group>"; };
		04BCA13022040C6000D3D7DC /* Base */ = {isa = PBXFileReference; lastKnownFileType = file.storyboard; name = Base; path = Base.lproj/Main.storyboard; sourceTree = "<group>"; };
		04BCA13222040C6200D3D7DC /* Assets.xcassets */ = {isa = PBXFileReference; lastKnownFileType = folder.assetcatalog; path = Assets.xcassets; sourceTree = "<group>"; };
		04BCA13522040C6300D3D7DC /* Base */ = {isa = PBXFileReference; lastKnownFileType = file.storyboard; name = Base; path = Base.lproj/LaunchScreen.storyboard; sourceTree = "<group>"; };
		04BCA13722040C6300D3D7DC /* Info.plist */ = {isa = PBXFileReference; lastKnownFileType = text.plist.xml; path = Info.plist; sourceTree = "<group>"; };
		04BCA13F22041C9A00D3D7DC /* GeometryFighter.scnassets */ = {isa = PBXFileReference; lastKnownFileType = wrapper.scnassets; path = GeometryFighter.scnassets; sourceTree = "<group>"; };
		04BCA1412204237F00D3D7DC /* ShapeType.swift */ = {isa = PBXFileReference; lastKnownFileType = sourcecode.swift; path = ShapeType.swift; sourceTree = "<group>"; };
/* End PBXFileReference section */

/* Begin PBXFrameworksBuildPhase section */
		04BCA12322040C6000D3D7DC /* Frameworks */ = {
			isa = PBXFrameworksBuildPhase;
			buildActionMask = 2147483647;
			files = (
			);
			runOnlyForDeploymentPostprocessing = 0;
		};
/* End PBXFrameworksBuildPhase section */

/* Begin PBXGroup section */
		04BCA11D22040C6000D3D7DC = {
			isa = PBXGroup;
			children = (
				04BCA12822040C6000D3D7DC /* GeometryFighter */,
				04BCA12722040C6000D3D7DC /* Products */,
			);
			sourceTree = "<group>";
		};
		04BCA12722040C6000D3D7DC /* Products */ = {
			isa = PBXGroup;
			children = (
				04BCA12622040C6000D3D7DC /* GeometryFighter.app */,
			);
			name = Products;
			sourceTree = "<group>";
		};
		04BCA12822040C6000D3D7DC /* GeometryFighter */ = {
			isa = PBXGroup;
			children = (
				04BCA12922040C6000D3D7DC /* AppDelegate.swift */,
				04BCA12D22040C6000D3D7DC /* GameViewController.swift */,
				04BCA1412204237F00D3D7DC /* ShapeType.swift */,
				04BCA12F22040C6000D3D7DC /* Main.storyboard */,
				04BCA13F22041C9A00D3D7DC /* GeometryFighter.scnassets */,
				04BCA13222040C6200D3D7DC /* Assets.xcassets */,
				04BCA13422040C6300D3D7DC /* LaunchScreen.storyboard */,
				04BCA13722040C6300D3D7DC /* Info.plist */,
			);
			path = GeometryFighter;
			sourceTree = "<group>";
		};
/* End PBXGroup section */

/* Begin PBXNativeTarget section */
		04BCA12522040C6000D3D7DC /* GeometryFighter */ = {
			isa = PBXNativeTarget;
			buildConfigurationList = 04BCA13A22040C6300D3D7DC /* Build configuration list for PBXNativeTarget "GeometryFighter" */;
			buildPhases = (
				04BCA12222040C6000D3D7DC /* Sources */,
				04BCA12322040C6000D3D7DC /* Frameworks */,
				04BCA12422040C6000D3D7DC /* Resources */,
			);
			buildRules = (
			);
			dependencies = (
			);
			name = GeometryFighter;
			productName = GeometryFighter;
			productReference = 04BCA12622040C6000D3D7DC /* GeometryFighter.app */;
			productType = "com.apple.product-type.application";
		};
/* End PBXNativeTarget section */

/* Begin PBXProject section */
		04BCA11E22040C6000D3D7DC /* Project object */ = {
			isa = PBXProject;
			attributes = {
				LastSwiftUpdateCheck = 1010;
				LastUpgradeCheck = 1010;
				ORGANIZATIONNAME = MMF;
				TargetAttributes = {
					04BCA12522040C6000D3D7DC = {
						CreatedOnToolsVersion = 10.1;
					};
				};
			};
			buildConfigurationList = 04BCA12122040C6000D3D7DC /* Build configuration list for PBXProject "GeometryFighter" */;
			compatibilityVersion = "Xcode 9.3";
			developmentRegion = en;
			hasScannedForEncodings = 0;
			knownRegions = (
				en,
				Base,
			);
			mainGroup = 04BCA11D22040C6000D3D7DC;
			productRefGroup = 04BCA12722040C6000D3D7DC /* Products */;
			projectDirPath = "";
			projectRoot = "";
			targets = (
				04BCA12522040C6000D3D7DC /* GeometryFighter */,
			);
		};
/* End PBXProject section */

/* Begin PBXResourcesBuildPhase section */
		04BCA12422040C6000D3D7DC /* Resources */ = {
			isa = PBXResourcesBuildPhase;
			buildActionMask = 2147483647;
			files = (
				04BCA13622040C6300D3D7DC /* LaunchScreen.storyboard in Resources */,
				04BCA13322040C6300D3D7DC /* Assets.xcassets in Resources */,
				04BCA13122040C6000D3D7DC /* Main.storyboard in Resources */,
				04BCA14022041C9A00D3D7DC /* GeometryFighter.scnassets in Resources */,
			);
			runOnlyForDeploymentPostprocessing = 0;
		};
/* End PBXResourcesBuildPhase section */

/* Begin PBXSourcesBuildPhase section */
		04BCA12222040C6000D3D7DC /* Sources */ = {
			isa = PBXSourcesBuildPhase;
			buildActionMask = 2147483647;
			files = (
				04BCA12E22040C6000D3D7DC /* GameViewController.swift in Sources */,
				04BCA1422204237F00D3D7DC /* ShapeType.swift in Sources */,
				04BCA12A22040C6000D3D7DC /* AppDelegate.swift in Sources */,
			);
			runOnlyForDeploymentPostprocessing = 0;
		};
/* End PBXSourcesBuildPhase section */

/* Begin PBXVariantGroup section */
		04BCA12F22040C6000D3D7DC /* Main.storyboard */ = {
			isa = PBXVariantGroup;
			children = (
				04BCA13022040C6000D3D7DC /* Base */,
			);
			name = Main.storyboard;
			sourceTree = "<group>";
		};
		04BCA13422040C6300D3D7DC /* LaunchScreen.storyboard */ = {
			isa = PBXVariantGroup;
			children = (
				04BCA13522040C6300D3D7DC /* Base */,
			);
			name = LaunchScreen.storyboard;
			sourceTree = "<group>";
		};
/* End PBXVariantGroup section */

/* Begin XCBuildConfiguration section */
		04BCA13822040C6300D3D7DC /* Debug */ = {
			isa = XCBuildConfiguration;
			buildSettings = {
				ALWAYS_SEARCH_USER_PATHS = NO;
				CLANG_ANALYZER_NONNULL = YES;
				CLANG_ANALYZER_NUMBER_OBJECT_CONVERSION = YES_AGGRESSIVE;
				CLANG_CXX_LANGUAGE_STANDARD = "gnu++14";
				CLANG_CXX_LIBRARY = "libc++";
				CLANG_ENABLE_MODULES = YES;
				CLANG_ENABLE_OBJC_ARC = YES;
				CLANG_ENABLE_OBJC_WEAK = YES;
				CLANG_WARN_BLOCK_CAPTURE_AUTORELEASING = YES;
				CLANG_WARN_BOOL_CONVERSION = YES;
				CLANG_WARN_COMMA = YES;
				CLANG_WARN_CONSTANT_CONVERSION = YES;
				CLANG_WARN_DEPRECATED_OBJC_IMPLEMENTATIONS = YES;
				CLANG_WARN_DIRECT_OBJC_ISA_USAGE = YES_ERROR;
				CLANG_WARN_DOCUMENTATION_COMMENTS = YES;
				CLANG_WARN_EMPTY_BODY = YES;
				CLANG_WARN_ENUM_CONVERSION = YES;
				CLANG_WARN_INFINITE_RECURSION = YES;
				CLANG_WARN_INT_CONVERSION = YES;
				CLANG_WARN_NON_LITERAL_NULL_CONVERSION = YES;
				CLANG_WARN_OBJC_IMPLICIT_RETAIN_SELF = YES;
				CLANG_WARN_OBJC_LITERAL_CONVERSION = YES;
				CLANG_WARN_OBJC_ROOT_CLASS = YES_ERROR;
				CLANG_WARN_RANGE_LOOP_ANALYSIS = YES;
				CLANG_WARN_STRICT_PROTOTYPES = YES;
				CLANG_WARN_SUSPICIOUS_MOVE = YES;
				CLANG_WARN_UNGUARDED_AVAILABILITY = YES_AGGRESSIVE;
				CLANG_WARN_UNREACHABLE_CODE = YES;
				CLANG_WARN__DUPLICATE_METHOD_MATCH = YES;
				CODE_SIGN_IDENTITY = "iPhone Developer";
				COPY_PHASE_STRIP = NO;
				DEBUG_INFORMATION_FORMAT = dwarf;
				ENABLE_STRICT_OBJC_MSGSEND = YES;
				ENABLE_TESTABILITY = YES;
				GCC_C_LANGUAGE_STANDARD = gnu11;
				GCC_DYNAMIC_NO_PIC = NO;
				GCC_NO_COMMON_BLOCKS = YES;
				GCC_OPTIMIZATION_LEVEL = 0;
				GCC_PREPROCESSOR_DEFINITIONS = (
					"DEBUG=1",
					"$(inherited)",
				);
				GCC_WARN_64_TO_32_BIT_CONVERSION = YES;
				GCC_WARN_ABOUT_RETURN_TYPE = YES_ERROR;
				GCC_WARN_UNDECLARED_SELECTOR = YES;
				GCC_WARN_UNINITIALIZED_AUTOS = YES_AGGRESSIVE;
				GCC_WARN_UNUSED_FUNCTION = YES;
				GCC_WARN_UNUSED_VARIABLE = YES;
				IPHONEOS_DEPLOYMENT_TARGET = 12.1;
				MTL_ENABLE_DEBUG_INFO = INCLUDE_SOURCE;
				MTL_FAST_MATH = YES;
				ONLY_ACTIVE_ARCH = YES;
				SDKROOT = iphoneos;
				SWIFT_ACTIVE_COMPILATION_CONDITIONS = DEBUG;
				SWIFT_OPTIMIZATION_LEVEL = "-Onone";
			};
			name = Debug;
		};
		04BCA13922040C6300D3D7DC /* Release */ = {
			isa = XCBuildConfiguration;
			buildSettings = {
				ALWAYS_SEARCH_USER_PATHS = NO;
				CLANG_ANALYZER_NONNULL = YES;
				CLANG_ANALYZER_NUMBER_OBJECT_CONVERSION = YES_AGGRESSIVE;
				CLANG_CXX_LANGUAGE_STANDARD = "gnu++14";
				CLANG_CXX_LIBRARY = "libc++";
				CLANG_ENABLE_MODULES = YES;
				CLANG_ENABLE_OBJC_ARC = YES;
				CLANG_ENABLE_OBJC_WEAK = YES;
				CLANG_WARN_BLOCK_CAPTURE_AUTORELEASING = YES;
				CLANG_WARN_BOOL_CONVERSION = YES;
				CLANG_WARN_COMMA = YES;
				CLANG_WARN_CONSTANT_CONVERSION = YES;
				CLANG_WARN_DEPRECATED_OBJC_IMPLEMENTATIONS = YES;
				CLANG_WARN_DIRECT_OBJC_ISA_USAGE = YES_ERROR;
				CLANG_WARN_DOCUMENTATION_COMMENTS = YES;
				CLANG_WARN_EMPTY_BODY = YES;
				CLANG_WARN_ENUM_CONVERSION = YES;
				CLANG_WARN_INFINITE_RECURSION = YES;
				CLANG_WARN_INT_CONVERSION = YES;
				CLANG_WARN_NON_LITERAL_NULL_CONVERSION = YES;
				CLANG_WARN_OBJC_IMPLICIT_RETAIN_SELF = YES;
				CLANG_WARN_OBJC_LITERAL_CONVERSION = YES;
				CLANG_WARN_OBJC_ROOT_CLASS = YES_ERROR;
				CLANG_WARN_RANGE_LOOP_ANALYSIS = YES;
				CLANG_WARN_STRICT_PROTOTYPES = YES;
				CLANG_WARN_SUSPICIOUS_MOVE = YES;
				CLANG_WARN_UNGUARDED_AVAILABILITY = YES_AGGRESSIVE;
				CLANG_WARN_UNREACHABLE_CODE = YES;
				CLANG_WARN__DUPLICATE_METHOD_MATCH = YES;
				CODE_SIGN_IDENTITY = "iPhone Developer";
				COPY_PHASE_STRIP = NO;
				DEBUG_INFORMATION_FORMAT = "dwarf-with-dsym";
				ENABLE_NS_ASSERTIONS = NO;
				ENABLE_STRICT_OBJC_MSGSEND = YES;
				GCC_C_LANGUAGE_STANDARD = gnu11;
				GCC_NO_COMMON_BLOCKS = YES;
				GCC_WARN_64_TO_32_BIT_CONVERSION = YES;
				GCC_WARN_ABOUT_RETURN_TYPE = YES_ERROR;
				GCC_WARN_UNDECLARED_SELECTOR = YES;
				GCC_WARN_UNINITIALIZED_AUTOS = YES_AGGRESSIVE;
				GCC_WARN_UNUSED_FUNCTION = YES;
				GCC_WARN_UNUSED_VARIABLE = YES;
				IPHONEOS_DEPLOYMENT_TARGET = 12.1;
				MTL_ENABLE_DEBUG_INFO = NO;
				MTL_FAST_MATH = YES;
				SDKROOT = iphoneos;
				SWIFT_COMPILATION_MODE = wholemodule;
				SWIFT_OPTIMIZATION_LEVEL = "-O";
				VALIDATE_PRODUCT = YES;
			};
			name = Release;
		};
		04BCA13B22040C6300D3D7DC /* Debug */ = {
			isa = XCBuildConfiguration;
			buildSettings = {
				ASSETCATALOG_COMPILER_APPICON_NAME = AppIcon;
				CODE_SIGN_STYLE = Automatic;
				INFOPLIST_FILE = GeometryFighter/Info.plist;
				IPHONEOS_DEPLOYMENT_TARGET = 12.1;
				LD_RUNPATH_SEARCH_PATHS = (
					"$(inherited)",
					"@executable_path/Frameworks",
				);
				PRODUCT_BUNDLE_IDENTIFIER = MMFInfotech.com.GeometryFighter;
				PRODUCT_NAME = "$(TARGET_NAME)";
				SWIFT_VERSION = 4.2;
				TARGETED_DEVICE_FAMILY = "1,2";
			};
			name = Debug;
		};
		04BCA13C22040C6300D3D7DC /* Release */ = {
			isa = XCBuildConfiguration;
			buildSettings = {
				ASSETCATALOG_COMPILER_APPICON_NAME = AppIcon;
				CODE_SIGN_STYLE = Automatic;
				INFOPLIST_FILE = GeometryFighter/Info.plist;
				IPHONEOS_DEPLOYMENT_TARGET = 12.1;
				LD_RUNPATH_SEARCH_PATHS = (
					"$(inherited)",
					"@executable_path/Frameworks",
				);
				PRODUCT_BUNDLE_IDENTIFIER = MMFInfotech.com.GeometryFighter;
				PRODUCT_NAME = "$(TARGET_NAME)";
				SWIFT_VERSION = 4.2;
				TARGETED_DEVICE_FAMILY = "1,2";
			};
			name = Release;
		};
/* End XCBuildConfiguration section */

/* Begin XCConfigurationList section */
		04BCA12122040C6000D3D7DC /* Build configuration list for PBXProject "GeometryFighter" */ = {
			isa = XCConfigurationList;
			buildConfigurations = (
				04BCA13822040C6300D3D7DC /* Debug */,
				04BCA13922040C6300D3D7DC /* Release */,
			);
			defaultConfigurationIsVisible = 0;
			defaultConfigurationName = Release;
		};
		04BCA13A22040C6300D3D7DC /* Build configuration list for PBXNativeTarget "GeometryFighter" */ = {
			isa = XCConfigurationList;
			buildConfigurations = (
				04BCA13B22040C6300D3D7DC /* Debug */,
				04BCA13C22040C6300D3D7DC /* Release */,
			);
			defaultConfigurationIsVisible = 0;
			defaultConfigurationName = Release;
		};
/* End XCConfigurationList section */
	};
	rootObject = 04BCA11E22040C6000D3D7DC /* Project object */;
}
